
Microsoft Visual Studio Solution File, Format Version 12.00
# Visual Studio Version 16
VisualStudioVersion = 16.0.31229.75
MinimumVisualStudioVersion = 10.0.40219.1
Project("{FAE04EC0-301F-11D3-BF4B-00C04F79EFBC}") = "StatiqWebQuickStartWithCleanBlogTheme", "StatiqWebQuickStartWithCleanBlogTheme\StatiqWebQuickStartWithCleanBlogTheme.csproj", "{AB3EC864-6317-43E0-B1BB-EC9443C9F666}"
EndProject
Global
	GlobalSection(SolutionConfigurationPlatforms) = preSolution
		Debug|Any CPU = Debug|Any CPU
		Release|Any CPU = Release|Any CPU
	EndGlobalSection
	GlobalSection(ProjectConfigurationPlatforms) = postSolution
		{AB3EC864-6317-43E0-B1BB-EC9443C9F666}.Debug|Any CPU.ActiveCfg = Debug|Any CPU
		{AB3EC864-6317-43E0-B1BB-EC9443C9F666}.Debug|Any CPU.Build.0 = Debug|Any CPU
		{AB3EC864-6317-43E0-B1BB-EC9443C9F666}.Release|Any CPU.ActiveCfg = Release|Any CPU
		{AB3EC864-6317-43E0-B1BB-EC9443C9F666}.Release|Any CPU.Build.0 = Release|Any CPU
	EndGlobalSection
	GlobalSection(SolutionProperties) = preSolution
		HideSolutionNode = FALSE
	EndGlobalSection
	GlobalSection(ExtensibilityGlobals) = postSolution
		SolutionGuid = {4DB864B1-FA8B-4F82-A7BD-9FFE63600347}
	EndGlobalSection
EndGlobal
